{
  "name": "global-link",
  "version": "1.0.0",
  "lockfileVersion": 1,
  "dependencies": {
    "commander": {
      "version": "2.14.1",
      "resolved": "https://registry.npmjs.org/commander/-/commander-2.14.1.tgz",
      "integrity": "sha512-+YR16o3rK53SmWHU3rEM3tPAh2rwb1yPcQX5irVn7mb0gXbwuCCrnkbV5+PBfETdfg1vui07nM6PCG1zndcjQw=="
    },
    "create-if-not-exist": {
      "version": "0.0.2",
      "resolved": "https://registry.npmjs.org/create-if-not-exist/-/create-if-not-exist-0.0.2.tgz",
      "integrity": "sha1-RwPyg0hP2biLb92M3AEN3f/1V2A="
    },
    "file-exists": {
      "version": "0.1.1",
      "resolved": "https://registry.npmjs.org/file-exists/-/file-exists-0.1.1.tgz",
      "integrity": "sha1-mT0//7W0nRH+/Mj0XCNVAnRAgDw="
    }
  }
}
